
Microsoft Visual Studio Solution File, Format Version 12.00
# Visual Studio Version 16
VisualStudioVersion = 16.0.31729.503
MinimumVisualStudioVersion = 10.0.40219.1
Project("{9A19103F-16F7-4668-BE54-9A1E7A4F7556}") = "BigSister", "BigSister\BigSister.csproj", "{89180292-B7D6-4E69-9845-EDC0F28A7163}"
EndProject
Project("{FAE04EC0-301F-11D3-BF4B-00C04F79EFBC}") = "BigSister.Tests", "BigSister.Tests\BigSister.Tests.csproj", "{1063AC8A-4993-449B-92D4-10127D8016CA}"
EndProject
Global
	GlobalSection(SolutionConfigurationPlatforms) = preSolution
		Debug|Any CPU = Debug|Any CPU
		Debug|ARM = Debug|ARM
		Debug|ARM64 = Debug|ARM64
		Debug|x64 = Debug|x64
		Debug|x86 = Debug|x86
		Release|Any CPU = Release|Any CPU
		Release|ARM = Release|ARM
		Release|ARM64 = Release|ARM64
		Release|x64 = Release|x64
		Release|x86 = Release|x86
	EndGlobalSection
	GlobalSection(ProjectConfigurationPlatforms) = postSolution
		{89180292-B7D6-4E69-9845-EDC0F28A7163}.Debug|Any CPU.ActiveCfg = Debug|Any CPU
		{89180292-B7D6-4E69-9845-EDC0F28A7163}.Debug|Any CPU.Build.0 = Debug|Any CPU
		{89180292-B7D6-4E69-9845-EDC0F28A7163}.Debug|ARM.ActiveCfg = Debug|Any CPU
		{89180292-B7D6-4E69-9845-EDC0F28A7163}.Debug|ARM.Build.0 = Debug|Any CPU
		{89180292-B7D6-4E69-9845-EDC0F28A7163}.Debug|ARM64.ActiveCfg = Debug|Any CPU
		{89180292-B7D6-4E69-9845-EDC0F28A7163}.Debug|ARM64.Build.0 = Debug|Any CPU
		{89180292-B7D6-4E69-9845-EDC0F28A7163}.Debug|x64.ActiveCfg = Debug|Any CPU
		{89180292-B7D6-4E69-9845-EDC0F28A7163}.Debug|x64.Build.0 = Debug|Any CPU
		{89180292-B7D6-4E69-9845-EDC0F28A7163}.Debug|x86.ActiveCfg = Debug|Any CPU
		{89180292-B7D6-4E69-9845-EDC0F28A7163}.Debug|x86.Build.0 = Debug|Any CPU
		{89180292-B7D6-4E69-9845-EDC0F28A7163}.Release|Any CPU.ActiveCfg = Release|Any CPU
		{89180292-B7D6-4E69-9845-EDC0F28A7163}.Release|Any CPU.Build.0 = Release|Any CPU
		{89180292-B7D6-4E69-9845-EDC0F28A7163}.Release|ARM.ActiveCfg = Release|Any CPU
		{89180292-B7D6-4E69-9845-EDC0F28A7163}.Release|ARM.Build.0 = Release|Any CPU
		{89180292-B7D6-4E69-9845-EDC0F28A7163}.Release|ARM64.ActiveCfg = Release|Any CPU
		{89180292-B7D6-4E69-9845-EDC0F28A7163}.Release|ARM64.Build.0 = Release|Any CPU
		{89180292-B7D6-4E69-9845-EDC0F28A7163}.Release|x64.ActiveCfg = Release|Any CPU
		{89180292-B7D6-4E69-9845-EDC0F28A7163}.Release|x64.Build.0 = Release|Any CPU
		{89180292-B7D6-4E69-9845-EDC0F28A7163}.Release|x86.ActiveCfg = Release|Any CPU
		{89180292-B7D6-4E69-9845-EDC0F28A7163}.Release|x86.Build.0 = Release|Any CPU
		{1063AC8A-4993-449B-92D4-10127D8016CA}.Debug|Any CPU.ActiveCfg = Debug|Any CPU
		{1063AC8A-4993-449B-92D4-10127D8016CA}.Debug|Any CPU.Build.0 = Debug|Any CPU
		{1063AC8A-4993-449B-92D4-10127D8016CA}.Debug|ARM.ActiveCfg = Debug|Any CPU
		{1063AC8A-4993-449B-92D4-10127D8016CA}.Debug|ARM.Build.0 = Debug|Any CPU
		{1063AC8A-4993-449B-92D4-10127D8016CA}.Debug|ARM64.ActiveCfg = Debug|Any CPU
		{1063AC8A-4993-449B-92D4-10127D8016CA}.Debug|ARM64.Build.0 = Debug|Any CPU
		{1063AC8A-4993-449B-92D4-10127D8016CA}.Debug|x64.ActiveCfg = Debug|Any CPU
		{1063AC8A-4993-449B-92D4-10127D8016CA}.Debug|x64.Build.0 = Debug|Any CPU
		{1063AC8A-4993-449B-92D4-10127D8016CA}.Debug|x86.ActiveCfg = Debug|Any CPU
		{1063AC8A-4993-449B-92D4-10127D8016CA}.Debug|x86.Build.0 = Debug|Any CPU
		{1063AC8A-4993-449B-92D4-10127D8016CA}.Release|Any CPU.ActiveCfg = Release|Any CPU
		{1063AC8A-4993-449B-92D4-10127D8016CA}.Release|Any CPU.Build.0 = Release|Any CPU
		{1063AC8A-4993-449B-92D4-10127D8016CA}.Release|ARM.ActiveCfg = Release|Any CPU
		{1063AC8A-4993-449B-92D4-10127D8016CA}.Release|ARM.Build.0 = Release|Any CPU
		{1063AC8A-4993-449B-92D4-10127D8016CA}.Release|ARM64.ActiveCfg = Release|Any CPU
		{1063AC8A-4993-449B-92D4-10127D8016CA}.Release|ARM64.Build.0 = Release|Any CPU
		{1063AC8A-4993-449B-92D4-10127D8016CA}.Release|x64.ActiveCfg = Release|Any CPU
		{1063AC8A-4993-449B-92D4-10127D8016CA}.Release|x64.Build.0 = Release|Any CPU
		{1063AC8A-4993-449B-92D4-10127D8016CA}.Release|x86.ActiveCfg = Release|Any CPU
		{1063AC8A-4993-449B-92D4-10127D8016CA}.Release|x86.Build.0 = Release|Any CPU
	EndGlobalSection
	GlobalSection(SolutionProperties) = preSolution
		HideSolutionNode = FALSE
	EndGlobalSection
	GlobalSection(ExtensibilityGlobals) = postSolution
		SolutionGuid = {C0EDAA97-31D2-4D20-949F-A42BCB554CED}
	EndGlobalSection
EndGlobal
